
Microsoft Visual Studio Solution File, Format Version 12.00
# Visual Studio 2012
# SharpDevelop 5.1
VisualStudioVersion = 12.0.20827.3
MinimumVisualStudioVersion = 10.0.40219.1
Project("{FAE04EC0-301F-11D3-BF4B-00C04F79EFBC}") = "OfficeEquipmentManager", "OfficeEquipmentManager\OfficeEquipmentManager.csproj", "{413FBC6F-692C-48D5-A1F5-ECD4504BA556}"
EndProject
Global
	GlobalSection(SolutionConfigurationPlatforms) = preSolution
		Debug|Any CPU = Debug|Any CPU
		Release|Any CPU = Release|Any CPU
	EndGlobalSection
	GlobalSection(ProjectConfigurationPlatforms) = postSolution
		{413FBC6F-692C-48D5-A1F5-ECD4504BA556}.Debug|Any CPU.ActiveCfg = Debug|Any CPU
		{413FBC6F-692C-48D5-A1F5-ECD4504BA556}.Debug|Any CPU.Build.0 = Debug|Any CPU
		{413FBC6F-692C-48D5-A1F5-ECD4504BA556}.Release|Any CPU.ActiveCfg = Release|Any CPU
		{413FBC6F-692C-48D5-A1F5-ECD4504BA556}.Release|Any CPU.Build.0 = Release|Any CPU
	EndGlobalSection
EndGlobal
